// !$*UTF8*$!
{
	archiveVersion = 1;
	classes = {
	};
	objectVersion = 46;
	objects = {

/* Begin PBXBuildFile section */
		7F35FF4007F9ACD90056051D /* QSCore.framework in Frameworks */ = {isa = PBXBuildFile; fileRef = 7F35FF3C07F9ACD90056051D /* QSCore.framework */; };
		7F35FF4207F9ACD90056051D /* QSFoundation.framework in Frameworks */ = {isa = PBXBuildFile; fileRef = 7F35FF3E07F9ACD90056051D /* QSFoundation.framework */; };
		8D1AC9700486D14A00FE50C9 /* Cocoa.framework in Frameworks */ = {isa = PBXBuildFile; fileRef = DD92D38A0106425D02CA0E72 /* Cocoa.framework */; };
		BBF5817C0B1D9D84003CFF55 /* OnePasswordAction.m in Sources */ = {isa = PBXBuildFile; fileRef = BBF5817B0B1D9D84003CFF55 /* OnePasswordAction.m */; };
		BBF581840B1D9DC3003CFF55 /* OnePasswordSource.m in Sources */ = {isa = PBXBuildFile; fileRef = BBF581830B1D9DC3003CFF55 /* OnePasswordSource.m */; };
		CD106EBD1161F80000121C1E /* NSObject+SBJSON.m in Sources */ = {isa = PBXBuildFile; fileRef = CD106EB21161F80000121C1E /* NSObject+SBJSON.m */; };
		CD106EBE1161F80000121C1E /* NSString+SBJSON.m in Sources */ = {isa = PBXBuildFile; fileRef = CD106EB41161F80000121C1E /* NSString+SBJSON.m */; };
		CD106EBF1161F80000121C1E /* SBJSON.m in Sources */ = {isa = PBXBuildFile; fileRef = CD106EB61161F80000121C1E /* SBJSON.m */; };
		CD106EC01161F80000121C1E /* SBJsonBase.m in Sources */ = {isa = PBXBuildFile; fileRef = CD106EB81161F80000121C1E /* SBJsonBase.m */; };
		CD106EC11161F80000121C1E /* SBJsonParser.m in Sources */ = {isa = PBXBuildFile; fileRef = CD106EBA1161F80000121C1E /* SBJsonParser.m */; };
		CD106EC21161F80000121C1E /* SBJsonWriter.m in Sources */ = {isa = PBXBuildFile; fileRef = CD106EBC1161F80000121C1E /* SBJsonWriter.m */; };
		CD9E5D3F1158E17E00CCCA80 /* RevealIn1Pwd.scpt in CopyFiles */ = {isa = PBXBuildFile; fileRef = CDDDB3341158B11100D1674E /* RevealIn1Pwd.scpt */; };
		CDBCD1C71163B8D4000B85CE /* OnePassword.qsplugin in Resources */ = {isa = PBXBuildFile; fileRef = 8D1AC9740486D14A00FE50C9 /* OnePassword.qsplugin */; };
		E1EAB046068128A200774DFF /* OnePassword.m in Sources */ = {isa = PBXBuildFile; fileRef = E1EAB045068128A200774DFF /* OnePassword.m */; };
/* End PBXBuildFile section */

/* Begin PBXCopyFilesBuildPhase section */
		CD9E5D441158E18800CCCA80 /* CopyFiles */ = {
			isa = PBXCopyFilesBuildPhase;
			buildActionMask = 12;
			dstPath = "";
			dstSubfolderSpec = 7;
			files = (
				CD9E5D3F1158E17E00CCCA80 /* RevealIn1Pwd.scpt in CopyFiles */,
			);
			runOnlyForDeploymentPostprocessing = 0;
		};
/* End PBXCopyFilesBuildPhase section */

/* Begin PBXFileReference section */
		32DBCF980370C29C00C91783 /* OnePassword_Prefix.pch */ = {isa = PBXFileReference; fileEncoding = 4; lastKnownFileType = sourcecode.c.h; path = OnePassword_Prefix.pch; sourceTree = "<group>"; };
		7F35FF3C07F9ACD90056051D /* QSCore.framework */ = {isa = PBXFileReference; lastKnownFileType = wrapper.framework; path = QSCore.framework; sourceTree = QSFrameworks; };
		7F35FF3E07F9ACD90056051D /* QSFoundation.framework */ = {isa = PBXFileReference; lastKnownFileType = wrapper.framework; path = QSFoundation.framework; sourceTree = QSFrameworks; };
		7FFA8E9C0816CCCA00A858CD /* QSEffects.framework */ = {isa = PBXFileReference; lastKnownFileType = wrapper.framework; path = QSEffects.framework; sourceTree = QSFrameworks; };
		7FFA8E9D0816CCCA00A858CD /* QSInterface.framework */ = {isa = PBXFileReference; lastKnownFileType = wrapper.framework; path = QSInterface.framework; sourceTree = QSFrameworks; };
		8D1AC9730486D14A00FE50C9 /* Info.plist */ = {isa = PBXFileReference; fileEncoding = 4; lastKnownFileType = text.plist; path = Info.plist; sourceTree = "<group>"; };
		8D1AC9740486D14A00FE50C9 /* OnePassword.qsplugin */ = {isa = PBXFileReference; explicitFileType = wrapper.cfbundle; includeInIndex = 0; path = OnePassword.qsplugin; sourceTree = BUILT_PRODUCTS_DIR; };
		BBF5817A0B1D9D84003CFF55 /* OnePasswordAction.h */ = {isa = PBXFileReference; fileEncoding = 4; lastKnownFileType = sourcecode.c.h; path = OnePasswordAction.h; sourceTree = "<group>"; };
		BBF5817B0B1D9D84003CFF55 /* OnePasswordAction.m */ = {isa = PBXFileReference; fileEncoding = 4; lastKnownFileType = sourcecode.c.objc; path = OnePasswordAction.m; sourceTree = "<group>"; };
		BBF581820B1D9DC3003CFF55 /* OnePasswordSource.h */ = {isa = PBXFileReference; fileEncoding = 4; lastKnownFileType = sourcecode.c.h; path = OnePasswordSource.h; sourceTree = "<group>"; };
		BBF581830B1D9DC3003CFF55 /* OnePasswordSource.m */ = {isa = PBXFileReference; fileEncoding = 4; lastKnownFileType = sourcecode.c.objc; path = OnePasswordSource.m; sourceTree = "<group>"; };
		CD106EB01161F80000121C1E /* JSON.h */ = {isa = PBXFileReference; fileEncoding = 4; lastKnownFileType = sourcecode.c.h; name = JSON.h; path = "Apps/OnePassword/1Password-Plugin/JSON/JSON.h"; sourceTree = DEVELOPER_DIR; };
		CD106EB11161F80000121C1E /* NSObject+SBJSON.h */ = {isa = PBXFileReference; fileEncoding = 4; lastKnownFileType = sourcecode.c.h; name = "NSObject+SBJSON.h"; path = "Apps/OnePassword/1Password-Plugin/JSON/NSObject+SBJSON.h"; sourceTree = DEVELOPER_DIR; };
		CD106EB21161F80000121C1E /* NSObject+SBJSON.m */ = {isa = PBXFileReference; fileEncoding = 4; lastKnownFileType = sourcecode.c.objc; name = "NSObject+SBJSON.m"; path = "Apps/OnePassword/1Password-Plugin/JSON/NSObject+SBJSON.m"; sourceTree = DEVELOPER_DIR; };
		CD106EB31161F80000121C1E /* NSString+SBJSON.h */ = {isa = PBXFileReference; fileEncoding = 4; lastKnownFileType = sourcecode.c.h; name = "NSString+SBJSON.h"; path = "Apps/OnePassword/1Password-Plugin/JSON/NSString+SBJSON.h"; sourceTree = DEVELOPER_DIR; };
		CD106EB41161F80000121C1E /* NSString+SBJSON.m */ = {isa = PBXFileReference; fileEncoding = 4; lastKnownFileType = sourcecode.c.objc; name = "NSString+SBJSON.m"; path = "Apps/OnePassword/1Password-Plugin/JSON/NSString+SBJSON.m"; sourceTree = DEVELOPER_DIR; };
		CD106EB51161F80000121C1E /* SBJSON.h */ = {isa = PBXFileReference; fileEncoding = 4; lastKnownFileType = sourcecode.c.h; name = SBJSON.h; path = "Apps/OnePassword/1Password-Plugin/JSON/SBJSON.h"; sourceTree = DEVELOPER_DIR; };
		CD106EB61161F80000121C1E /* SBJSON.m */ = {isa = PBXFileReference; fileEncoding = 4; lastKnownFileType = sourcecode.c.objc; name = SBJSON.m; path = "Apps/OnePassword/1Password-Plugin/JSON/SBJSON.m"; sourceTree = DEVELOPER_DIR; };
		CD106EB71161F80000121C1E /* SBJsonBase.h */ = {isa = PBXFileReference; fileEncoding = 4; lastKnownFileType = sourcecode.c.h; name = SBJsonBase.h; path = "Apps/OnePassword/1Password-Plugin/JSON/SBJsonBase.h"; sourceTree = DEVELOPER_DIR; };
		CD106EB81161F80000121C1E /* SBJsonBase.m */ = {isa = PBXFileReference; fileEncoding = 4; lastKnownFileType = sourcecode.c.objc; name = SBJsonBase.m; path = "Apps/OnePassword/1Password-Plugin/JSON/SBJsonBase.m"; sourceTree = DEVELOPER_DIR; };
		CD106EB91161F80000121C1E /* SBJsonParser.h */ = {isa = PBXFileReference; fileEncoding = 4; lastKnownFileType = sourcecode.c.h; name = SBJsonParser.h; path = "Apps/OnePassword/1Password-Plugin/JSON/SBJsonParser.h"; sourceTree = DEVELOPER_DIR; };
		CD106EBA1161F80000121C1E /* SBJsonParser.m */ = {isa = PBXFileReference; fileEncoding = 4; lastKnownFileType = sourcecode.c.objc; name = SBJsonParser.m; path = "Apps/OnePassword/1Password-Plugin/JSON/SBJsonParser.m"; sourceTree = DEVELOPER_DIR; };
		CD106EBB1161F80000121C1E /* SBJsonWriter.h */ = {isa = PBXFileReference; fileEncoding = 4; lastKnownFileType = sourcecode.c.h; name = SBJsonWriter.h; path = "Apps/OnePassword/1Password-Plugin/JSON/SBJsonWriter.h"; sourceTree = DEVELOPER_DIR; };
		CD106EBC1161F80000121C1E /* SBJsonWriter.m */ = {isa = PBXFileReference; fileEncoding = 4; lastKnownFileType = sourcecode.c.objc; name = SBJsonWriter.m; path = "Apps/OnePassword/1Password-Plugin/JSON/SBJsonWriter.m"; sourceTree = DEVELOPER_DIR; };
		CDDDB3341158B11100D1674E /* RevealIn1Pwd.scpt */ = {isa = PBXFileReference; fileEncoding = 4; lastKnownFileType = sourcecode.scpt; name = RevealIn1Pwd.scpt; path = "Apps/OnePassword/1Password-Plugin/RevealIn1Pwd.scpt"; sourceTree = DEVELOPER_DIR; };
		DD92D38A0106425D02CA0E72 /* Cocoa.framework */ = {isa = PBXFileReference; lastKnownFileType = wrapper.framework; name = Cocoa.framework; path = /System/Library/Frameworks/Cocoa.framework; sourceTree = "<absolute>"; };
		E1EAB045068128A200774DFF /* OnePassword.m */ = {isa = PBXFileReference; fileEncoding = 30; lastKnownFileType = sourcecode.c.objc; path = OnePassword.m; sourceTree = "<group>"; };
		E1EAB047068128A800774DFF /* OnePassword.h */ = {isa = PBXFileReference; fileEncoding = 30; lastKnownFileType = sourcecode.c.h; path = OnePassword.h; sourceTree = "<group>"; };
/* End PBXFileReference section */

/* Begin PBXFrameworksBuildPhase section */
		8D1AC96E0486D14A00FE50C9 /* Frameworks */ = {
			isa = PBXFrameworksBuildPhase;
			buildActionMask = 2147483647;
			files = (
				8D1AC9700486D14A00FE50C9 /* Cocoa.framework in Frameworks */,
				7F35FF4007F9ACD90056051D /* QSCore.framework in Frameworks */,
				7F35FF4207F9ACD90056051D /* QSFoundation.framework in Frameworks */,
			);
			runOnlyForDeploymentPostprocessing = 0;
		};
/* End PBXFrameworksBuildPhase section */

/* Begin PBXGroup section */
		0259C574FE90428111CA0C5A /* OnePassword */ = {
			isa = PBXGroup;
			children = (
				32DBCF9E0370C38000C91783 /* Classes */,
				32DBCF9F0370C38200C91783 /* Other Sources */,
				0259C582FE90428111CA0C5A /* Resources */,
				1ED78706FE9D4A0611CA0C5A /* Products */,
				2E58F364FFB232C311CA0CBA /* Frameworks */,
			);
			name = OnePassword;
			sourceTree = "<group>";
		};
		0259C582FE90428111CA0C5A /* Resources */ = {
			isa = PBXGroup;
			children = (
				CDDDB3341158B11100D1674E /* RevealIn1Pwd.scpt */,
				8D1AC9730486D14A00FE50C9 /* Info.plist */,
			);
			name = Resources;
			sourceTree = "<group>";
		};
		1ED78706FE9D4A0611CA0C5A /* Products */ = {
			isa = PBXGroup;
			children = (
				8D1AC9740486D14A00FE50C9 /* OnePassword.qsplugin */,
			);
			name = Products;
			sourceTree = "<group>";
		};
		2E58F364FFB232C311CA0CBA /* Frameworks */ = {
			isa = PBXGroup;
			children = (
				DD92D38A0106425D02CA0E72 /* Cocoa.framework */,
				7F35FF3C07F9ACD90056051D /* QSCore.framework */,
				7F35FF3E07F9ACD90056051D /* QSFoundation.framework */,
				7FFA8E9C0816CCCA00A858CD /* QSEffects.framework */,
				7FFA8E9D0816CCCA00A858CD /* QSInterface.framework */,
			);
			name = Frameworks;
			sourceTree = "<group>";
		};
		32DBCF9E0370C38000C91783 /* Classes */ = {
			isa = PBXGroup;
			children = (
				CD106EAF1161F80000121C1E /* JSON */,
				BBF5817A0B1D9D84003CFF55 /* OnePasswordAction.h */,
				BBF5817B0B1D9D84003CFF55 /* OnePasswordAction.m */,
				E1EAB047068128A800774DFF /* OnePassword.h */,
				E1EAB045068128A200774DFF /* OnePassword.m */,
				BBF581820B1D9DC3003CFF55 /* OnePasswordSource.h */,
				BBF581830B1D9DC3003CFF55 /* OnePasswordSource.m */,
			);
			name = Classes;
			sourceTree = "<group>";
		};
		32DBCF9F0370C38200C91783 /* Other Sources */ = {
			isa = PBXGroup;
			children = (
				32DBCF980370C29C00C91783 /* OnePassword_Prefix.pch */,
			);
			name = "Other Sources";
			sourceTree = "<group>";
		};
		CD106EAF1161F80000121C1E /* JSON */ = {
			isa = PBXGroup;
			children = (
				CD106EB01161F80000121C1E /* JSON.h */,
				CD106EB11161F80000121C1E /* NSObject+SBJSON.h */,
				CD106EB21161F80000121C1E /* NSObject+SBJSON.m */,
				CD106EB31161F80000121C1E /* NSString+SBJSON.h */,
				CD106EB41161F80000121C1E /* NSString+SBJSON.m */,
				CD106EB51161F80000121C1E /* SBJSON.h */,
				CD106EB61161F80000121C1E /* SBJSON.m */,
				CD106EB71161F80000121C1E /* SBJsonBase.h */,
				CD106EB81161F80000121C1E /* SBJsonBase.m */,
				CD106EB91161F80000121C1E /* SBJsonParser.h */,
				CD106EBA1161F80000121C1E /* SBJsonParser.m */,
				CD106EBB1161F80000121C1E /* SBJsonWriter.h */,
				CD106EBC1161F80000121C1E /* SBJsonWriter.m */,
			);
			name = JSON;
			path = "Apps/OnePassword/1Password-Plugin/JSON";
			sourceTree = DEVELOPER_DIR;
		};
/* End PBXGroup section */

/* Begin PBXNativeTarget section */
		8D1AC9600486D14A00FE50C9 /* OnePassword */ = {
			isa = PBXNativeTarget;
			buildConfigurationList = 7F6B3EEB085CE8DF000735A8 /* Build configuration list for PBXNativeTarget "OnePassword" */;
			buildPhases = (
				8D1AC9660486D14A00FE50C9 /* Resources */,
				CD9E5D441158E18800CCCA80 /* CopyFiles */,
				8D1AC96A0486D14A00FE50C9 /* Sources */,
				8D1AC96E0486D14A00FE50C9 /* Frameworks */,
				E1022B2806B3475D00299BEC /* ShellScript */,
			);
			buildRules = (
			);
			dependencies = (
			);
			name = OnePassword;
			productInstallPath = "$(HOME)/Developer/Palettes";
			productName = OnePassword;
			productReference = 8D1AC9740486D14A00FE50C9 /* OnePassword.qsplugin */;
			productType = "com.apple.product-type.bundle";
		};
/* End PBXNativeTarget section */

/* Begin PBXProject section */
		0259C573FE90428111CA0C5A /* Project object */ = {
			isa = PBXProject;
			buildConfigurationList = 7F6B3EEF085CE8DF000735A8 /* Build configuration list for PBXProject "OnePassword" */;
			compatibilityVersion = "Xcode 3.2";
			hasScannedForEncodings = 1;
			mainGroup = 0259C574FE90428111CA0C5A /* OnePassword */;
			projectDirPath = "";
			projectRoot = "";
			targets = (
				8D1AC9600486D14A00FE50C9 /* OnePassword */,
			);
		};
/* End PBXProject section */

/* Begin PBXResourcesBuildPhase section */
		8D1AC9660486D14A00FE50C9 /* Resources */ = {
			isa = PBXResourcesBuildPhase;
			buildActionMask = 2147483647;
			files = (
				CDBCD1C71163B8D4000B85CE /* OnePassword.qsplugin in Resources */,
			);
			runOnlyForDeploymentPostprocessing = 0;
		};
/* End PBXResourcesBuildPhase section */

/* Begin PBXShellScriptBuildPhase section */
		E1022B2806B3475D00299BEC /* ShellScript */ = {
			isa = PBXShellScriptBuildPhase;
			buildActionMask = 2147483647;
			files = (
			);
			inputPaths = (
			);
			outputPaths = (
			);
			runOnlyForDeploymentPostprocessing = 0;
			shellPath = /bin/sh;
			shellScript = "$SRCROOT/bltrversion $INFOPLIST_FILE";
		};
/* End PBXShellScriptBuildPhase section */

/* Begin PBXSourcesBuildPhase section */
		8D1AC96A0486D14A00FE50C9 /* Sources */ = {
			isa = PBXSourcesBuildPhase;
			buildActionMask = 2147483647;
			files = (
				E1EAB046068128A200774DFF /* OnePassword.m in Sources */,
				BBF5817C0B1D9D84003CFF55 /* OnePasswordAction.m in Sources */,
				BBF581840B1D9DC3003CFF55 /* OnePasswordSource.m in Sources */,
				CD106EBD1161F80000121C1E /* NSObject+SBJSON.m in Sources */,
				CD106EBE1161F80000121C1E /* NSString+SBJSON.m in Sources */,
				CD106EBF1161F80000121C1E /* SBJSON.m in Sources */,
				CD106EC01161F80000121C1E /* SBJsonBase.m in Sources */,
				CD106EC11161F80000121C1E /* SBJsonParser.m in Sources */,
				CD106EC21161F80000121C1E /* SBJsonWriter.m in Sources */,
			);
			runOnlyForDeploymentPostprocessing = 0;
		};
/* End PBXSourcesBuildPhase section */

/* Begin XCBuildConfiguration section */
		7F6B3EEC085CE8DF000735A8 /* Development */ = {
			isa = XCBuildConfiguration;
			buildSettings = {
				ARCHS = "$(ARCHS_STANDARD_32_BIT)";
				COPY_PHASE_STRIP = NO;
				FRAMEWORK_SEARCH_PATHS = (
					"$(QSFrameworks)",
					"\"$(DEVELOPER_DIR)/Apps/OnePassword\"",
					/Users/patrick/Library/Frameworks,
					"\"$(SRCROOT)\"",
					"\"$(DEVELOPER_DIR)/Frameworks\"",
				);
				GCC_C_LANGUAGE_STANDARD = gnu99;
				GCC_DYNAMIC_NO_PIC = NO;
				GCC_ENABLE_FIX_AND_CONTINUE = YES;
				GCC_GENERATE_DEBUGGING_SYMBOLS = YES;
				GCC_MODEL_TUNING = G5;
				GCC_OPTIMIZATION_LEVEL = 0;
				GCC_PRECOMPILE_PREFIX_HEADER = YES;
				GCC_PREFIX_HEADER = OnePassword_Prefix.pch;
				GCC_VERSION = com.apple.compilers.llvm.clang.1_0;
				INFOPLIST_FILE = Info.plist;
				OTHER_CFLAGS = "-DDEVEL=1";
				OTHER_LDFLAGS = "-bundle";
				PRODUCT_NAME = OnePassword;
				WRAPPER_EXTENSION = qsplugin;
				ZERO_LINK = YES;
			};
			name = Development;
		};
		7F6B3EED085CE8DF000735A8 /* Release */ = {
			isa = XCBuildConfiguration;
			buildSettings = {
				COPY_PHASE_STRIP = YES;
				FRAMEWORK_SEARCH_PATHS = (
					"$(QSFrameworks)",
					"\"$(DEVELOPER_DIR)/Apps/OnePassword\"",
					/Users/patrick/Library/Frameworks,
					"\"$(SRCROOT)\"",
					"\"$(DEVELOPER_DIR)/Frameworks\"",
				);
				GCC_C_LANGUAGE_STANDARD = gnu99;
				GCC_ENABLE_FIX_AND_CONTINUE = NO;
				GCC_GENERATE_DEBUGGING_SYMBOLS = NO;
				GCC_PRECOMPILE_PREFIX_HEADER = YES;
				GCC_PREFIX_HEADER = OnePassword_Prefix.pch;
				INFOPLIST_FILE = Info.plist;
				OTHER_CPLUSPLUSFLAGS = "$(OTHER_CFLAGS)";
				OTHER_LDFLAGS = "-bundle";
				PRODUCT_NAME = OnePassword;
				WRAPPER_EXTENSION = qsplugin;
				ZERO_LINK = NO;
			};
			name = Release;
		};
		7F6B3EF0085CE8DF000735A8 /* Development */ = {
			isa = XCBuildConfiguration;
			buildSettings = {
				MACOSX_DEPLOYMENT_TARGET = 10.5;
				SDKROOT = macosx10.5;
			};
			name = Development;
		};
		7F6B3EF1085CE8DF000735A8 /* Release */ = {
			isa = XCBuildConfiguration;
			buildSettings = {
				ARCHS = "$(ARCHS_STANDARD_32_BIT)";
				GCC_MODEL_TUNING = G5;
				GCC_VERSION = com.apple.compilers.llvm.clang.1_0;
				MACOSX_DEPLOYMENT_TARGET = 10.5;
				SDKROOT = macosx10.5;
				VALID_ARCHS = "i386 ppc";
			};
			name = Release;
		};
/* End XCBuildConfiguration section */

/* Begin XCConfigurationList section */
		7F6B3EEB085CE8DF000735A8 /* Build configuration list for PBXNativeTarget "OnePassword" */ = {
			isa = XCConfigurationList;
			buildConfigurations = (
				7F6B3EEC085CE8DF000735A8 /* Development */,
				7F6B3EED085CE8DF000735A8 /* Release */,
			);
			defaultConfigurationIsVisible = 0;
			defaultConfigurationName = Release;
		};
		7F6B3EEF085CE8DF000735A8 /* Build configuration list for PBXProject "OnePassword" */ = {
			isa = XCConfigurationList;
			buildConfigurations = (
				7F6B3EF0085CE8DF000735A8 /* Development */,
				7F6B3EF1085CE8DF000735A8 /* Release */,
			);
			defaultConfigurationIsVisible = 0;
			defaultConfigurationName = Release;
		};
/* End XCConfigurationList section */
	};
	rootObject = 0259C573FE90428111CA0C5A /* Project object */;
}
